
Microsoft Visual Studio Solution File, Format Version 12.00
# Visual Studio Version 16
VisualStudioVersion = 16.0.29318.209
MinimumVisualStudioVersion = 10.0.40219.1
Project("{FAE04EC0-301F-11D3-BF4B-00C04F79EFBC}") = "emart", "emart.csproj", "{26F88B23-8B41-40E9-A30C-FAEF1047ACF9}"
EndProject
Global
	GlobalSection(SolutionConfigurationPlatforms) = preSolution
		Debug|Any CPU = Debug|Any CPU
		Release|Any CPU = Release|Any CPU
	EndGlobalSection
	GlobalSection(ProjectConfigurationPlatforms) = postSolution
		{26F88B23-8B41-40E9-A30C-FAEF1047ACF9}.Debug|Any CPU.ActiveCfg = Debug|Any CPU
		{26F88B23-8B41-40E9-A30C-FAEF1047ACF9}.Debug|Any CPU.Build.0 = Debug|Any CPU
		{26F88B23-8B41-40E9-A30C-FAEF1047ACF9}.Release|Any CPU.ActiveCfg = Release|Any CPU
		{26F88B23-8B41-40E9-A30C-FAEF1047ACF9}.Release|Any CPU.Build.0 = Release|Any CPU
	EndGlobalSection
	GlobalSection(SolutionProperties) = preSolution
		HideSolutionNode = FALSE
	EndGlobalSection
	GlobalSection(ExtensibilityGlobals) = postSolution
		SolutionGuid = {0BD85D88-E45B-4446-8C1E-B16E188E166A}
	EndGlobalSection
EndGlobal
